# This file is automatically @generated by Cargo.
# It is not intended for manual editing.
version = 4

[[package]]
name = "cairn-gui-data"
version = "0.1.0"
dependencies = [
 "cairn-gui-tab",
]

[[package]]
name = "cairn-gui-manifest"
version = "0.1.0"

[[package]]
name = "cairn-gui-tab"
version = "0.1.0"
